
Microsoft Visual Studio Solution File, Format Version 12.00
# Visual Studio Version 17
VisualStudioVersion = 17.4.33205.214
MinimumVisualStudioVersion = 10.0.40219.1
Project("{FAE04EC0-301F-11D3-BF4B-00C04F79EFBC}") = "Singleton (Patron creacional)", "Singleton (Patron creacional)\Singleton (Patron creacional).csproj", "{7A139229-824E-4F4B-931D-C78A4CC77CDE}"
EndProject
Project("{FAE04EC0-301F-11D3-BF4B-00C04F79EFBC}") = "Factory (Patrón creacional)", "Factory (Patrón creacional)\Factory (Patrón creacional).csproj", "{5B403D96-341E-4433-90BD-DA04A4170204}"
EndProject
Project("{FAE04EC0-301F-11D3-BF4B-00C04F79EFBC}") = "Abstract Factory(Patrón creacional)", "Abstract Factory(Patrón creacional)\Abstract Factory(Patrón creacional).csproj", "{D9728F06-A456-4038-8B27-0B9448D4E3BB}"
EndProject
Project("{FAE04EC0-301F-11D3-BF4B-00C04F79EFBC}") = "Prototype (Patrón creacional)", "Prototype (Patrón creacional)\Prototype (Patrón creacional).csproj", "{69C707D0-2930-4108-B726-D84B8DF7D14B}"
EndProject
Project("{FAE04EC0-301F-11D3-BF4B-00C04F79EFBC}") = "Facade (Patrón estructural)", "Facade (Patrón estructural)\Facade (Patrón estructural).csproj", "{9CF22110-50B7-42B7-BCA9-38ABD0CC4CC9}"
EndProject
Project("{FAE04EC0-301F-11D3-BF4B-00C04F79EFBC}") = "Decorator (Patrón estructural)", "Decorator (Patrón estructural)\Decorator (Patrón estructural).csproj", "{B501923D-E76F-42E7-88D3-805D34A81F26}"
EndProject
Project("{FAE04EC0-301F-11D3-BF4B-00C04F79EFBC}") = "Proxy (Patrón estructural)", "Proxy (Patrón estructural)\Proxy (Patrón estructural).csproj", "{040EE928-D192-4F3F-AD21-66F371FB59DA}"
EndProject
Project("{FAE04EC0-301F-11D3-BF4B-00C04F79EFBC}") = "Factory (ej con gatos) (Patrón creacional)", "Factory (ej con gatos) (Patrón creacional)\Factory (ej con gatos) (Patrón creacional).csproj", "{AD3BECA5-A0BB-4996-A8E6-6AC30F311F8A}"
EndProject
Project("{FAE04EC0-301F-11D3-BF4B-00C04F79EFBC}") = "Comand (Patrón de comportamiento)", "Comand (Patrón de comportamiento)\Comand (Patrón de comportamiento).csproj", "{1EEFA696-0092-4546-A8A9-B48409FC3C0D}"
EndProject
Global
	GlobalSection(SolutionConfigurationPlatforms) = preSolution
		Debug|Any CPU = Debug|Any CPU
		Release|Any CPU = Release|Any CPU
	EndGlobalSection
	GlobalSection(ProjectConfigurationPlatforms) = postSolution
		{7A139229-824E-4F4B-931D-C78A4CC77CDE}.Debug|Any CPU.ActiveCfg = Debug|Any CPU
		{7A139229-824E-4F4B-931D-C78A4CC77CDE}.Debug|Any CPU.Build.0 = Debug|Any CPU
		{7A139229-824E-4F4B-931D-C78A4CC77CDE}.Release|Any CPU.ActiveCfg = Release|Any CPU
		{7A139229-824E-4F4B-931D-C78A4CC77CDE}.Release|Any CPU.Build.0 = Release|Any CPU
		{5B403D96-341E-4433-90BD-DA04A4170204}.Debug|Any CPU.ActiveCfg = Debug|Any CPU
		{5B403D96-341E-4433-90BD-DA04A4170204}.Debug|Any CPU.Build.0 = Debug|Any CPU
		{5B403D96-341E-4433-90BD-DA04A4170204}.Release|Any CPU.ActiveCfg = Release|Any CPU
		{5B403D96-341E-4433-90BD-DA04A4170204}.Release|Any CPU.Build.0 = Release|Any CPU
		{D9728F06-A456-4038-8B27-0B9448D4E3BB}.Debug|Any CPU.ActiveCfg = Debug|Any CPU
		{D9728F06-A456-4038-8B27-0B9448D4E3BB}.Debug|Any CPU.Build.0 = Debug|Any CPU
		{D9728F06-A456-4038-8B27-0B9448D4E3BB}.Release|Any CPU.ActiveCfg = Release|Any CPU
		{D9728F06-A456-4038-8B27-0B9448D4E3BB}.Release|Any CPU.Build.0 = Release|Any CPU
		{69C707D0-2930-4108-B726-D84B8DF7D14B}.Debug|Any CPU.ActiveCfg = Debug|Any CPU
		{69C707D0-2930-4108-B726-D84B8DF7D14B}.Debug|Any CPU.Build.0 = Debug|Any CPU
		{69C707D0-2930-4108-B726-D84B8DF7D14B}.Release|Any CPU.ActiveCfg = Release|Any CPU
		{69C707D0-2930-4108-B726-D84B8DF7D14B}.Release|Any CPU.Build.0 = Release|Any CPU
		{9CF22110-50B7-42B7-BCA9-38ABD0CC4CC9}.Debug|Any CPU.ActiveCfg = Debug|Any CPU
		{9CF22110-50B7-42B7-BCA9-38ABD0CC4CC9}.Debug|Any CPU.Build.0 = Debug|Any CPU
		{9CF22110-50B7-42B7-BCA9-38ABD0CC4CC9}.Release|Any CPU.ActiveCfg = Release|Any CPU
		{9CF22110-50B7-42B7-BCA9-38ABD0CC4CC9}.Release|Any CPU.Build.0 = Release|Any CPU
		{B501923D-E76F-42E7-88D3-805D34A81F26}.Debug|Any CPU.ActiveCfg = Debug|Any CPU
		{B501923D-E76F-42E7-88D3-805D34A81F26}.Debug|Any CPU.Build.0 = Debug|Any CPU
		{B501923D-E76F-42E7-88D3-805D34A81F26}.Release|Any CPU.ActiveCfg = Release|Any CPU
		{B501923D-E76F-42E7-88D3-805D34A81F26}.Release|Any CPU.Build.0 = Release|Any CPU
		{040EE928-D192-4F3F-AD21-66F371FB59DA}.Debug|Any CPU.ActiveCfg = Debug|Any CPU
		{040EE928-D192-4F3F-AD21-66F371FB59DA}.Debug|Any CPU.Build.0 = Debug|Any CPU
		{040EE928-D192-4F3F-AD21-66F371FB59DA}.Release|Any CPU.ActiveCfg = Release|Any CPU
		{040EE928-D192-4F3F-AD21-66F371FB59DA}.Release|Any CPU.Build.0 = Release|Any CPU
		{AD3BECA5-A0BB-4996-A8E6-6AC30F311F8A}.Debug|Any CPU.ActiveCfg = Debug|Any CPU
		{AD3BECA5-A0BB-4996-A8E6-6AC30F311F8A}.Debug|Any CPU.Build.0 = Debug|Any CPU
		{AD3BECA5-A0BB-4996-A8E6-6AC30F311F8A}.Release|Any CPU.ActiveCfg = Release|Any CPU
		{AD3BECA5-A0BB-4996-A8E6-6AC30F311F8A}.Release|Any CPU.Build.0 = Release|Any CPU
		{1EEFA696-0092-4546-A8A9-B48409FC3C0D}.Debug|Any CPU.ActiveCfg = Debug|Any CPU
		{1EEFA696-0092-4546-A8A9-B48409FC3C0D}.Debug|Any CPU.Build.0 = Debug|Any CPU
		{1EEFA696-0092-4546-A8A9-B48409FC3C0D}.Release|Any CPU.ActiveCfg = Release|Any CPU
		{1EEFA696-0092-4546-A8A9-B48409FC3C0D}.Release|Any CPU.Build.0 = Release|Any CPU
	EndGlobalSection
	GlobalSection(SolutionProperties) = preSolution
		HideSolutionNode = FALSE
	EndGlobalSection
	GlobalSection(ExtensibilityGlobals) = postSolution
		SolutionGuid = {2BD39730-5FDC-4BD4-B77A-926B4942EE64}
	EndGlobalSection
EndGlobal
